
Microsoft Visual Studio Solution File, Format Version 12.00
# Visual Studio Version 17
VisualStudioVersion = 17.0.32112.339
MinimumVisualStudioVersion = 10.0.40219.1
Project("{FAE04EC0-301F-11D3-BF4B-00C04F79EFBC}") = "ProvaWeek1Academy.Presentation", "ProvaWeek1Academy.Presentation\ProvaWeek1Academy.Presentation.csproj", "{6083A7B0-3F31-41F8-A216-6EF3E4BF2642}"
EndProject
Project("{FAE04EC0-301F-11D3-BF4B-00C04F79EFBC}") = "ProvaWeek1Academy_Core", "ProvaWeek1Academy_Core\ProvaWeek1Academy_Core.csproj", "{45983BDE-F5A1-404E-B991-D418F6599FF7}"
EndProject
Project("{FAE04EC0-301F-11D3-BF4B-00C04F79EFBC}") = "ProvaWeek1Academy.Mock", "ProvaWeek1Academy.Mock\ProvaWeek1Academy.Mock.csproj", "{AA2DFE85-BACB-4AC6-BF4B-C4135F9B4607}"
EndProject
Global
	GlobalSection(SolutionConfigurationPlatforms) = preSolution
		Debug|Any CPU = Debug|Any CPU
		Release|Any CPU = Release|Any CPU
	EndGlobalSection
	GlobalSection(ProjectConfigurationPlatforms) = postSolution
		{6083A7B0-3F31-41F8-A216-6EF3E4BF2642}.Debug|Any CPU.ActiveCfg = Debug|Any CPU
		{6083A7B0-3F31-41F8-A216-6EF3E4BF2642}.Debug|Any CPU.Build.0 = Debug|Any CPU
		{6083A7B0-3F31-41F8-A216-6EF3E4BF2642}.Release|Any CPU.ActiveCfg = Release|Any CPU
		{6083A7B0-3F31-41F8-A216-6EF3E4BF2642}.Release|Any CPU.Build.0 = Release|Any CPU
		{45983BDE-F5A1-404E-B991-D418F6599FF7}.Debug|Any CPU.ActiveCfg = Debug|Any CPU
		{45983BDE-F5A1-404E-B991-D418F6599FF7}.Debug|Any CPU.Build.0 = Debug|Any CPU
		{45983BDE-F5A1-404E-B991-D418F6599FF7}.Release|Any CPU.ActiveCfg = Release|Any CPU
		{45983BDE-F5A1-404E-B991-D418F6599FF7}.Release|Any CPU.Build.0 = Release|Any CPU
		{AA2DFE85-BACB-4AC6-BF4B-C4135F9B4607}.Debug|Any CPU.ActiveCfg = Debug|Any CPU
		{AA2DFE85-BACB-4AC6-BF4B-C4135F9B4607}.Debug|Any CPU.Build.0 = Debug|Any CPU
		{AA2DFE85-BACB-4AC6-BF4B-C4135F9B4607}.Release|Any CPU.ActiveCfg = Release|Any CPU
		{AA2DFE85-BACB-4AC6-BF4B-C4135F9B4607}.Release|Any CPU.Build.0 = Release|Any CPU
	EndGlobalSection
	GlobalSection(SolutionProperties) = preSolution
		HideSolutionNode = FALSE
	EndGlobalSection
	GlobalSection(ExtensibilityGlobals) = postSolution
		SolutionGuid = {E8841EEE-BC0A-45BC-80B2-1D7A600FC87F}
	EndGlobalSection
EndGlobal
